
Microsoft Visual Studio Solution File, Format Version 12.00
# Visual Studio Version 17
VisualStudioVersion = 17.5.33530.505
MinimumVisualStudioVersion = 10.0.40219.1
Project("{FAE04EC0-301F-11D3-BF4B-00C04F79EFBC}") = "Fundacion", "Fundacion.csproj", "{4E03EB23-827E-4F10-BD0F-7F19744D9E34}"
EndProject
Global
	GlobalSection(SolutionConfigurationPlatforms) = preSolution
		Debug|Any CPU = Debug|Any CPU
		Release|Any CPU = Release|Any CPU
	EndGlobalSection
	GlobalSection(ProjectConfigurationPlatforms) = postSolution
		{4E03EB23-827E-4F10-BD0F-7F19744D9E34}.Debug|Any CPU.ActiveCfg = Debug|Any CPU
		{4E03EB23-827E-4F10-BD0F-7F19744D9E34}.Debug|Any CPU.Build.0 = Debug|Any CPU
		{4E03EB23-827E-4F10-BD0F-7F19744D9E34}.Release|Any CPU.ActiveCfg = Release|Any CPU
		{4E03EB23-827E-4F10-BD0F-7F19744D9E34}.Release|Any CPU.Build.0 = Release|Any CPU
	EndGlobalSection
	GlobalSection(SolutionProperties) = preSolution
		HideSolutionNode = FALSE
	EndGlobalSection
	GlobalSection(ExtensibilityGlobals) = postSolution
		SolutionGuid = {54C3F7E2-2680-42D6-8308-A0108B09754D}
	EndGlobalSection
EndGlobal
